{
  "object": {
    "pins": [
      {
        "package": "GCDWebServer",
        "repositoryURL": "https://github.com/alextud/GCDWebServer",
        "state": {
          "branch": "swift-package-manager",
          "revision": "bc58c7f8358c90542e9195840a89405d7bf4a24e",
          "version": null
        }
      },
      {
        "package": "Kingfisher",
        "repositoryURL": "https://github.com/onevcat/Kingfisher",
        "state": {
          "branch": null,
          "revision": "be1a1acb283a702b99b630f586877ba02234b4cb",
          "version": "7.3.2"
        }
      },
      {
        "package": "ObjectMapper",
        "repositoryURL": "https://github.com/tristanhimmelman/ObjectMapper",
        "state": {
          "branch": null,
          "revision": "0b96a734de3ea1c87374ae677064f86adb0716ec",
          "version": "4.2.0"
        }
      },
      {
        "package": "PopcornTorrent",
        "repositoryURL": "https://github.com/alextud/PopcornTorrent",
        "state": {
          "branch": "v2_1",
          "revision": "6f82bd95652f709846dcb2ab58b13395be0b7441",
          "version": null
        }
      },
      {
        "package": "SwiftyJSON",
        "repositoryURL": "https://github.com/SwiftyJSON/SwiftyJSON",
        "state": {
          "branch": null,
          "revision": "b3dcd7dbd0d488e1a7077cb33b00f2083e382f07",
          "version": "5.0.1"
        }
      }
    ]
  },
  "version": 1
}
