PODS:
  - MobileVLCKit (3.4.1b7)
  - TVVLCKit (3.4.1b7)
  - VLCKit (3.4.1b7)

DEPENDENCIES:
  - MobileVLCKit (~> 3.4.1b7)
  - TVVLCKit (~> 3.4.1b7)
  - VLCKit (~> 3.4.1b7)

SPEC REPOS:
  https://github.com/CocoaPods/Specs:
    - MobileVLCKit
    - TVVLCKit
    - VLCKit

SPEC CHECKSUMS:
  MobileVLCKit: 56a7e2a88f2b031eac94b90b18f42ac7b85a4623
  TVVLCKit: c5de61492af665e196329e839aaa380dc2cdc4a0
  VLCKit: 6ebb58c73bf6bc2a8377e63c1347d1f53d8bbfc4

PODFILE CHECKSUM: 86004238c4db7fd77edd5218f0a5dbe885c540a4

COCOAPODS: 1.11.2
