PODS:
  - MobileVLCKit (3.4.0)
  - TVVLCKit (3.4.0)
  - VLCKit (3.4.0)

DEPENDENCIES:
  - MobileVLCKit (~> 3.4.0)
  - TVVLCKit (~> 3.4.0)
  - VLCKit (~> 3.4.0)

SPEC REPOS:
  https://github.com/CocoaPods/Specs:
    - MobileVLCKit
    - TVVLCKit
    - VLCKit

SPEC CHECKSUMS:
  MobileVLCKit: 20ccee43f7788a94ea1f67179e33d9600779dfd9
  TVVLCKit: fe80e9f1eff6efdedeab9b0dcba360e0225c9bdc
  VLCKit: 961554c1befd749326a5b44e39db83a12276c2fc

PODFILE CHECKSUM: 5c9668f97c27ade08161a54c371d29ab0585652c

COCOAPODS: 1.11.2
